
Microsoft Visual Studio Solution File, Format Version 12.00
# Visual Studio Version 17
VisualStudioVersion = 17.4.33110.190
MinimumVisualStudioVersion = 10.0.40219.1
Project("{FAE04EC0-301F-11D3-BF4B-00C04F79EFBC}") = "TesteIMC", "TesteIMC\TesteIMC.csproj", "{9EE0E4FD-BDA8-41F9-87F3-CBBC7E7B3E8D}"
EndProject
Project("{FAE04EC0-301F-11D3-BF4B-00C04F79EFBC}") = "TesteIMCXunit", "TesteIMCXunit\TesteIMCXunit.csproj", "{80E97116-0597-4CE6-9516-4969AC2A77AF}"
EndProject
Project("{FAE04EC0-301F-11D3-BF4B-00C04F79EFBC}") = "TestarIMC", "TestarIMC\TestarIMC.csproj", "{D9E1FC64-E9E6-45DE-9DA9-39CE27E34C46}"
	ProjectSection(ProjectDependencies) = postProject
		{9EE0E4FD-BDA8-41F9-87F3-CBBC7E7B3E8D} = {9EE0E4FD-BDA8-41F9-87F3-CBBC7E7B3E8D}
	EndProjectSection
EndProject
Global
	GlobalSection(SolutionConfigurationPlatforms) = preSolution
		Debug|Any CPU = Debug|Any CPU
		Release|Any CPU = Release|Any CPU
	EndGlobalSection
	GlobalSection(ProjectConfigurationPlatforms) = postSolution
		{9EE0E4FD-BDA8-41F9-87F3-CBBC7E7B3E8D}.Debug|Any CPU.ActiveCfg = Debug|Any CPU
		{9EE0E4FD-BDA8-41F9-87F3-CBBC7E7B3E8D}.Debug|Any CPU.Build.0 = Debug|Any CPU
		{9EE0E4FD-BDA8-41F9-87F3-CBBC7E7B3E8D}.Release|Any CPU.ActiveCfg = Release|Any CPU
		{9EE0E4FD-BDA8-41F9-87F3-CBBC7E7B3E8D}.Release|Any CPU.Build.0 = Release|Any CPU
		{80E97116-0597-4CE6-9516-4969AC2A77AF}.Debug|Any CPU.ActiveCfg = Debug|Any CPU
		{80E97116-0597-4CE6-9516-4969AC2A77AF}.Debug|Any CPU.Build.0 = Debug|Any CPU
		{80E97116-0597-4CE6-9516-4969AC2A77AF}.Release|Any CPU.ActiveCfg = Release|Any CPU
		{80E97116-0597-4CE6-9516-4969AC2A77AF}.Release|Any CPU.Build.0 = Release|Any CPU
		{D9E1FC64-E9E6-45DE-9DA9-39CE27E34C46}.Debug|Any CPU.ActiveCfg = Debug|Any CPU
		{D9E1FC64-E9E6-45DE-9DA9-39CE27E34C46}.Debug|Any CPU.Build.0 = Debug|Any CPU
		{D9E1FC64-E9E6-45DE-9DA9-39CE27E34C46}.Release|Any CPU.ActiveCfg = Release|Any CPU
		{D9E1FC64-E9E6-45DE-9DA9-39CE27E34C46}.Release|Any CPU.Build.0 = Release|Any CPU
	EndGlobalSection
	GlobalSection(SolutionProperties) = preSolution
		HideSolutionNode = FALSE
	EndGlobalSection
	GlobalSection(ExtensibilityGlobals) = postSolution
		SolutionGuid = {095718BA-B63E-443F-8124-14A294AB64F0}
	EndGlobalSection
EndGlobal
